version = 1
revision = 3
requires-python = "==3.14.*"

[[package]]
name = "markdown-it-py"
version = "4.2.0"
source = { registry = "https://pypi.org/simple" }
dependencies = [
    { name = "mdurl" },
]
sdist = { url = "https://files.pythonhosted.org/packages/06/ff/7841249c247aa650a76b9ee4bbaeae59370dc8bfd2f6c01f3630c35eb134/markdown_it_py-4.2.0.tar.gz", hash = "sha256:04a21681d6fbb623de53f6f364d352309d4094dd4194040a10fd51833e418d49", size = 82454, upload-time = "2026-05-07T12:08:28.36Z" }
wheels = [
    { url = "https://files.pythonhosted.org/packages/b3/81/4da04ced5a082363ecfa159c010d200ecbd959ae410c10c0264a38cac0f5/markdown_it_py-4.2.0-py3-none-any.whl", hash = "sha256:9f7ebbcd14fe59494226453aed97c1070d83f8d24b6fc3a3bcf9a38092641c4a", size = 91687, upload-time = "2026-05-07T12:08:27.182Z" },
]

[[package]]
name = "mdformat"
version = "1.0.0"
source = { registry = "https://pypi.org/simple" }
dependencies = [
    { name = "markdown-it-py" },
]
sdist = { url = "https://files.pythonhosted.org/packages/3f/05/32b5e14b192b0a8a309f32232c580aefedd9d06017cb8fe8fce34bec654c/mdformat-1.0.0.tar.gz", hash = "sha256:4954045fcae797c29f86d4ad879e43bb151fa55dbaf74ac6eaeacf1d45bb3928", size = 56953, upload-time = "2025-10-16T12:05:03.695Z" }
wheels = [
    { url = "https://files.pythonhosted.org/packages/54/9a/8fe71b95985ca7a4001effbcc58e5a07a1f2a2884203f74dcf48a3b08315/mdformat-1.0.0-py3-none-any.whl", hash = "sha256:bca015d65a1d063a02e885a91daee303057bc7829c2cd37b2075a50dbb65944b", size = 53288, upload-time = "2025-10-16T12:05:02.607Z" },
]

[[package]]
name = "mdformat-frontmatter"
version = "2.1.2"
source = { registry = "https://pypi.org/simple" }
dependencies = [
    { name = "mdformat" },
    { name = "mdit-py-plugins" },
    { name = "ruamel-yaml" },
]
sdist = { url = "https://files.pythonhosted.org/packages/4d/90/ae8a3d20066295367d9048ad480bcde3afe694eb592fec9c35bbdb7d68eb/mdformat_frontmatter-2.1.2.tar.gz", hash = "sha256:9c9c3159c38407f47e567202749c74ce7680017516cd158c82400f015c6a01d1", size = 9425, upload-time = "2026-05-23T05:14:26.324Z" }
wheels = [
    { url = "https://files.pythonhosted.org/packages/53/a0/20b6f53593139d8b64fa8e7f750033fbb580c096c241cd551b59907e6abe/mdformat_frontmatter-2.1.2-py3-none-any.whl", hash = "sha256:bcbb1dd7e35ce4387603acd32f2c092dd4518bbfaa2a4b801a0f29a4e69bf2ca", size = 4927, upload-time = "2026-05-23T05:14:24.747Z" },
]

[[package]]
name = "mdformat-gfm"
version = "1.0.0"
source = { registry = "https://pypi.org/simple" }
dependencies = [
    { name = "markdown-it-py" },
    { name = "mdformat" },
    { name = "mdit-py-plugins" },
    { name = "wcwidth" },
]
sdist = { url = "https://files.pythonhosted.org/packages/56/6f/a626ebb142a290474401b67e2d61e73ce096bf7798ee22dfe6270f924b3f/mdformat_gfm-1.0.0.tar.gz", hash = "sha256:d1d49a409a6acb774ce7635c72d69178df7dce1dc8cdd10e19f78e8e57b72623", size = 10112, upload-time = "2025-10-16T09:12:22.402Z" }
wheels = [
    { url = "https://files.pythonhosted.org/packages/e6/18/6bc2189b744dd383cad03764f41f30352b1278d2205096f77a29c0b327ad/mdformat_gfm-1.0.0-py3-none-any.whl", hash = "sha256:7305a50efd2a140d7c83505b58e3ac5df2b09e293f9bbe72f6c7bee8c678b005", size = 10970, upload-time = "2025-10-16T09:12:21.276Z" },
]

[[package]]
name = "mdformat-gfm-alerts"
version = "2.1.0"
source = { registry = "https://pypi.org/simple" }
dependencies = [
    { name = "mdformat" },
    { name = "mdit-py-plugins" },
]
sdist = { url = "https://files.pythonhosted.org/packages/bf/17/98382efef9d4a95fef60f1b5bf9e79a5f62f6698c747d2c99baacdf4cff8/mdformat_gfm_alerts-2.1.0.tar.gz", hash = "sha256:27673500976f08eb9e53cfa359f2a528c1be12052d3f8358996b9c5b1cc0c5c2", size = 9624, upload-time = "2026-07-26T06:46:31.343Z" }
wheels = [
    { url = "https://files.pythonhosted.org/packages/17/b7/df953bacca701b498a616bd12be66876c9dac17fe0a44f9fed65a5b53f04/mdformat_gfm_alerts-2.1.0-py3-none-any.whl", hash = "sha256:81f63efa9b2e6e343e63cdc2cede9f29c3f4c242ebc6a4d9cffeaa1b58d2a170", size = 10479, upload-time = "2026-07-26T06:46:30.172Z" },
]

[[package]]
name = "mdit-py-plugins"
version = "0.6.1"
source = { registry = "https://pypi.org/simple" }
dependencies = [
    { name = "markdown-it-py" },
]
sdist = { url = "https://files.pythonhosted.org/packages/59/fc/f8d0863f8862f25602c0404d75568e89fb6b4109804645e5cdfb1be5cf56/mdit_py_plugins-0.6.1.tar.gz", hash = "sha256:a2bca0f039f39dbd35fb74ae1b5f998608c437463371f0ff7f49a19a17a114d0", size = 56114, upload-time = "2026-05-13T09:03:38.91Z" }
wheels = [
    { url = "https://files.pythonhosted.org/packages/a5/69/6da5581c6a7fede7dc261bf4e67d6adca4196f176b43288b55b3db395b6e/mdit_py_plugins-0.6.1-py3-none-any.whl", hash = "sha256:214c82fb2ac524472ab6a5bcab1de80f73b50443e187f401bfd77efbc7c6481d", size = 66663, upload-time = "2026-05-13T09:03:37.76Z" },
]

[[package]]
name = "mdurl"
version = "0.1.2"
source = { registry = "https://pypi.org/simple" }
sdist = { url = "https://files.pythonhosted.org/packages/d6/54/cfe61301667036ec958cb99bd3efefba235e65cdeb9c84d24a8293ba1d90/mdurl-0.1.2.tar.gz", hash = "sha256:bb413d29f5eea38f31dd4754dd7377d4465116fb207585f97bf925588687c1ba", size = 8729, upload-time = "2022-08-14T12:40:10.846Z" }
wheels = [
    { url = "https://files.pythonhosted.org/packages/b3/38/89ba8ad64ae25be8de66a6d463314cf1eb366222074cfda9ee839c56a4b4/mdurl-0.1.2-py3-none-any.whl", hash = "sha256:84008a41e51615a49fc9966191ff91509e3c40b939176e643fd50a5c2196b8f8", size = 9979, upload-time = "2022-08-14T12:40:09.779Z" },
]

[[package]]
name = "ruamel-yaml"
version = "0.19.1"
source = { registry = "https://pypi.org/simple" }
sdist = { url = "https://files.pythonhosted.org/packages/c7/3b/ebda527b56beb90cb7652cb1c7e4f91f48649fbcd8d2eb2fb6e77cd3329b/ruamel_yaml-0.19.1.tar.gz", hash = "sha256:53eb66cd27849eff968ebf8f0bf61f46cdac2da1d1f3576dd4ccee9b25c31993", size = 142709, upload-time = "2026-01-02T16:50:31.84Z" }
wheels = [
    { url = "https://files.pythonhosted.org/packages/b8/0c/51f6841f1d84f404f92463fc2b1ba0da357ca1e3db6b7fbda26956c3b82a/ruamel_yaml-0.19.1-py3-none-any.whl", hash = "sha256:27592957fedf6e0b62f281e96effd28043345e0e66001f97683aa9a40c667c93", size = 118102, upload-time = "2026-01-02T16:50:29.201Z" },
]

[[package]]
name = "skill-temporal-developer"
version = "0.0.0"
source = { virtual = "." }

[package.dev-dependencies]
dev = [
    { name = "mdformat" },
    { name = "mdformat-frontmatter" },
    { name = "mdformat-gfm" },
    { name = "mdformat-gfm-alerts" },
]

[package.metadata]

[package.metadata.requires-dev]
dev = [
    { name = "mdformat", specifier = "==1.0.0" },
    { name = "mdformat-frontmatter", specifier = "==2.1.2" },
    { name = "mdformat-gfm", specifier = "==1.0.0" },
    { name = "mdformat-gfm-alerts", specifier = "==2.1.0" },
]

[[package]]
name = "wcwidth"
version = "0.8.4"
source = { registry = "https://pypi.org/simple" }
sdist = { url = "https://files.pythonhosted.org/packages/3d/7a/f98d4ada7c499565ab0c0fcef28a4e54fafa72b8228a6309803c80493c92/wcwidth-0.8.4.tar.gz", hash = "sha256:2dae09efa25253ae2874188e86d6861af3b1652aef4118cdf3f0bda288a957fb", size = 414609, upload-time = "2026-09-17T23:31:45.287Z" }
wheels = [
    { url = "https://files.pythonhosted.org/packages/39/cc/9c0adc5861020de426ec71716b6c1bef8d90694b7d6d0a16202cdb1647f5/wcwidth-0.8.4-py3-none-any.whl", hash = "sha256:2097bb1d28a0ba8fe177c2eb607317f9b1627b03f33ebebfd3da670b337a65ba", size = 299474, upload-time = "2026-09-17T23:31:43.816Z" },
]
